
Microsoft Visual Studio Solution File, Format Version 12.00
# Visual Studio 15
VisualStudioVersion = 15.0.26124.0
MinimumVisualStudioVersion = 15.0.26124.0
Project("{FAE04EC0-301F-11D3-BF4B-00C04F79EFBC}") = "MyAPI.Api", "MyAPI.Api\MyAPI.Api.csproj", "{5A2B3484-5E07-4A67-BB44-725320F9E160}"
EndProject
Project("{FAE04EC0-301F-11D3-BF4B-00C04F79EFBC}") = "MyAPI.DataAccess", "MyAPI.DataAccess\MyAPI.DataAccess.csproj", "{9AD0478A-0A63-4ECE-920B-2946AC40B2AE}"
EndProject
Project("{FAE04EC0-301F-11D3-BF4B-00C04F79EFBC}") = "MyAPI.Services", "MyAPI.Services\MyAPI.Services.csproj", "{9F3C0F66-4365-49B3-8E5E-2BCCBE53D4F5}"
EndProject
Project("{FAE04EC0-301F-11D3-BF4B-00C04F79EFBC}") = "MyAPI.Tests", "MyAPI.Tests\MyAPI.Tests.csproj", "{89A4462F-C4DB-45B7-BD2E-D848B52A9AC8}"
EndProject
Project("{FAE04EC0-301F-11D3-BF4B-00C04F79EFBC}") = "MyAPI.DomainModel", "MyAPI.DomainModel\MyAPI.DomainModel.csproj", "{60FD7D75-9F58-4860-94FA-EA306AA1072D}"
EndProject
Project("{FAE04EC0-301F-11D3-BF4B-00C04F79EFBC}") = "Rdcs", "Rdcs\Rdcs.csproj", "{E1E80C09-6B5B-42FB-A168-4CEB867FE28E}"
EndProject
Global
	GlobalSection(SolutionConfigurationPlatforms) = preSolution
		Debug|Any CPU = Debug|Any CPU
		Debug|x64 = Debug|x64
		Debug|x86 = Debug|x86
		Release|Any CPU = Release|Any CPU
		Release|x64 = Release|x64
		Release|x86 = Release|x86
	EndGlobalSection
	GlobalSection(SolutionProperties) = preSolution
		HideSolutionNode = FALSE
	EndGlobalSection
	GlobalSection(ProjectConfigurationPlatforms) = postSolution
		{5A2B3484-5E07-4A67-BB44-725320F9E160}.Debug|Any CPU.ActiveCfg = Debug|Any CPU
		{5A2B3484-5E07-4A67-BB44-725320F9E160}.Debug|Any CPU.Build.0 = Debug|Any CPU
		{5A2B3484-5E07-4A67-BB44-725320F9E160}.Debug|x64.ActiveCfg = Debug|Any CPU
		{5A2B3484-5E07-4A67-BB44-725320F9E160}.Debug|x64.Build.0 = Debug|Any CPU
		{5A2B3484-5E07-4A67-BB44-725320F9E160}.Debug|x86.ActiveCfg = Debug|Any CPU
		{5A2B3484-5E07-4A67-BB44-725320F9E160}.Debug|x86.Build.0 = Debug|Any CPU
		{5A2B3484-5E07-4A67-BB44-725320F9E160}.Release|Any CPU.ActiveCfg = Release|Any CPU
		{5A2B3484-5E07-4A67-BB44-725320F9E160}.Release|Any CPU.Build.0 = Release|Any CPU
		{5A2B3484-5E07-4A67-BB44-725320F9E160}.Release|x64.ActiveCfg = Release|Any CPU
		{5A2B3484-5E07-4A67-BB44-725320F9E160}.Release|x64.Build.0 = Release|Any CPU
		{5A2B3484-5E07-4A67-BB44-725320F9E160}.Release|x86.ActiveCfg = Release|Any CPU
		{5A2B3484-5E07-4A67-BB44-725320F9E160}.Release|x86.Build.0 = Release|Any CPU
		{9AD0478A-0A63-4ECE-920B-2946AC40B2AE}.Debug|Any CPU.ActiveCfg = Debug|Any CPU
		{9AD0478A-0A63-4ECE-920B-2946AC40B2AE}.Debug|Any CPU.Build.0 = Debug|Any CPU
		{9AD0478A-0A63-4ECE-920B-2946AC40B2AE}.Debug|x64.ActiveCfg = Debug|Any CPU
		{9AD0478A-0A63-4ECE-920B-2946AC40B2AE}.Debug|x64.Build.0 = Debug|Any CPU
		{9AD0478A-0A63-4ECE-920B-2946AC40B2AE}.Debug|x86.ActiveCfg = Debug|Any CPU
		{9AD0478A-0A63-4ECE-920B-2946AC40B2AE}.Debug|x86.Build.0 = Debug|Any CPU
		{9AD0478A-0A63-4ECE-920B-2946AC40B2AE}.Release|Any CPU.ActiveCfg = Release|Any CPU
		{9AD0478A-0A63-4ECE-920B-2946AC40B2AE}.Release|Any CPU.Build.0 = Release|Any CPU
		{9AD0478A-0A63-4ECE-920B-2946AC40B2AE}.Release|x64.ActiveCfg = Release|Any CPU
		{9AD0478A-0A63-4ECE-920B-2946AC40B2AE}.Release|x64.Build.0 = Release|Any CPU
		{9AD0478A-0A63-4ECE-920B-2946AC40B2AE}.Release|x86.ActiveCfg = Release|Any CPU
		{9AD0478A-0A63-4ECE-920B-2946AC40B2AE}.Release|x86.Build.0 = Release|Any CPU
		{9F3C0F66-4365-49B3-8E5E-2BCCBE53D4F5}.Debug|Any CPU.ActiveCfg = Debug|Any CPU
		{9F3C0F66-4365-49B3-8E5E-2BCCBE53D4F5}.Debug|Any CPU.Build.0 = Debug|Any CPU
		{9F3C0F66-4365-49B3-8E5E-2BCCBE53D4F5}.Debug|x64.ActiveCfg = Debug|Any CPU
		{9F3C0F66-4365-49B3-8E5E-2BCCBE53D4F5}.Debug|x64.Build.0 = Debug|Any CPU
		{9F3C0F66-4365-49B3-8E5E-2BCCBE53D4F5}.Debug|x86.ActiveCfg = Debug|Any CPU
		{9F3C0F66-4365-49B3-8E5E-2BCCBE53D4F5}.Debug|x86.Build.0 = Debug|Any CPU
		{9F3C0F66-4365-49B3-8E5E-2BCCBE53D4F5}.Release|Any CPU.ActiveCfg = Release|Any CPU
		{9F3C0F66-4365-49B3-8E5E-2BCCBE53D4F5}.Release|Any CPU.Build.0 = Release|Any CPU
		{9F3C0F66-4365-49B3-8E5E-2BCCBE53D4F5}.Release|x64.ActiveCfg = Release|Any CPU
		{9F3C0F66-4365-49B3-8E5E-2BCCBE53D4F5}.Release|x64.Build.0 = Release|Any CPU
		{9F3C0F66-4365-49B3-8E5E-2BCCBE53D4F5}.Release|x86.ActiveCfg = Release|Any CPU
		{9F3C0F66-4365-49B3-8E5E-2BCCBE53D4F5}.Release|x86.Build.0 = Release|Any CPU
		{89A4462F-C4DB-45B7-BD2E-D848B52A9AC8}.Debug|Any CPU.ActiveCfg = Debug|Any CPU
		{89A4462F-C4DB-45B7-BD2E-D848B52A9AC8}.Debug|Any CPU.Build.0 = Debug|Any CPU
		{89A4462F-C4DB-45B7-BD2E-D848B52A9AC8}.Debug|x64.ActiveCfg = Debug|Any CPU
		{89A4462F-C4DB-45B7-BD2E-D848B52A9AC8}.Debug|x64.Build.0 = Debug|Any CPU
		{89A4462F-C4DB-45B7-BD2E-D848B52A9AC8}.Debug|x86.ActiveCfg = Debug|Any CPU
		{89A4462F-C4DB-45B7-BD2E-D848B52A9AC8}.Debug|x86.Build.0 = Debug|Any CPU
		{89A4462F-C4DB-45B7-BD2E-D848B52A9AC8}.Release|Any CPU.ActiveCfg = Release|Any CPU
		{89A4462F-C4DB-45B7-BD2E-D848B52A9AC8}.Release|Any CPU.Build.0 = Release|Any CPU
		{89A4462F-C4DB-45B7-BD2E-D848B52A9AC8}.Release|x64.ActiveCfg = Release|Any CPU
		{89A4462F-C4DB-45B7-BD2E-D848B52A9AC8}.Release|x64.Build.0 = Release|Any CPU
		{89A4462F-C4DB-45B7-BD2E-D848B52A9AC8}.Release|x86.ActiveCfg = Release|Any CPU
		{89A4462F-C4DB-45B7-BD2E-D848B52A9AC8}.Release|x86.Build.0 = Release|Any CPU
		{60FD7D75-9F58-4860-94FA-EA306AA1072D}.Debug|Any CPU.ActiveCfg = Debug|Any CPU
		{60FD7D75-9F58-4860-94FA-EA306AA1072D}.Debug|Any CPU.Build.0 = Debug|Any CPU
		{60FD7D75-9F58-4860-94FA-EA306AA1072D}.Debug|x64.ActiveCfg = Debug|Any CPU
		{60FD7D75-9F58-4860-94FA-EA306AA1072D}.Debug|x64.Build.0 = Debug|Any CPU
		{60FD7D75-9F58-4860-94FA-EA306AA1072D}.Debug|x86.ActiveCfg = Debug|Any CPU
		{60FD7D75-9F58-4860-94FA-EA306AA1072D}.Debug|x86.Build.0 = Debug|Any CPU
		{60FD7D75-9F58-4860-94FA-EA306AA1072D}.Release|Any CPU.ActiveCfg = Release|Any CPU
		{60FD7D75-9F58-4860-94FA-EA306AA1072D}.Release|Any CPU.Build.0 = Release|Any CPU
		{60FD7D75-9F58-4860-94FA-EA306AA1072D}.Release|x64.ActiveCfg = Release|Any CPU
		{60FD7D75-9F58-4860-94FA-EA306AA1072D}.Release|x64.Build.0 = Release|Any CPU
		{60FD7D75-9F58-4860-94FA-EA306AA1072D}.Release|x86.ActiveCfg = Release|Any CPU
		{60FD7D75-9F58-4860-94FA-EA306AA1072D}.Release|x86.Build.0 = Release|Any CPU
		{E1E80C09-6B5B-42FB-A168-4CEB867FE28E}.Debug|Any CPU.ActiveCfg = Debug|Any CPU
		{E1E80C09-6B5B-42FB-A168-4CEB867FE28E}.Debug|Any CPU.Build.0 = Debug|Any CPU
		{E1E80C09-6B5B-42FB-A168-4CEB867FE28E}.Debug|x64.ActiveCfg = Debug|Any CPU
		{E1E80C09-6B5B-42FB-A168-4CEB867FE28E}.Debug|x64.Build.0 = Debug|Any CPU
		{E1E80C09-6B5B-42FB-A168-4CEB867FE28E}.Debug|x86.ActiveCfg = Debug|Any CPU
		{E1E80C09-6B5B-42FB-A168-4CEB867FE28E}.Debug|x86.Build.0 = Debug|Any CPU
		{E1E80C09-6B5B-42FB-A168-4CEB867FE28E}.Release|Any CPU.ActiveCfg = Release|Any CPU
		{E1E80C09-6B5B-42FB-A168-4CEB867FE28E}.Release|Any CPU.Build.0 = Release|Any CPU
		{E1E80C09-6B5B-42FB-A168-4CEB867FE28E}.Release|x64.ActiveCfg = Release|Any CPU
		{E1E80C09-6B5B-42FB-A168-4CEB867FE28E}.Release|x64.Build.0 = Release|Any CPU
		{E1E80C09-6B5B-42FB-A168-4CEB867FE28E}.Release|x86.ActiveCfg = Release|Any CPU
		{E1E80C09-6B5B-42FB-A168-4CEB867FE28E}.Release|x86.Build.0 = Release|Any CPU
	EndGlobalSection
EndGlobal
